
Microsoft Visual Studio Solution File, Format Version 12.00
# Visual Studio 15
VisualStudioVersion = 15.0.28010.2026
MinimumVisualStudioVersion = 10.0.40219.1
Project("{FAE04EC0-301F-11D3-BF4B-00C04F79EFBC}") = "KushnikovLab2", "KushnikovLab2\KushnikovLab2.csproj", "{9DE071DF-D0C6-4695-9800-98742D28B93D}"
EndProject
Global
	GlobalSection(SolutionConfigurationPlatforms) = preSolution
		Debug|Any CPU = Debug|Any CPU
		Release|Any CPU = Release|Any CPU
	EndGlobalSection
	GlobalSection(ProjectConfigurationPlatforms) = postSolution
		{9DE071DF-D0C6-4695-9800-98742D28B93D}.Debug|Any CPU.ActiveCfg = Debug|Any CPU
		{9DE071DF-D0C6-4695-9800-98742D28B93D}.Debug|Any CPU.Build.0 = Debug|Any CPU
		{9DE071DF-D0C6-4695-9800-98742D28B93D}.Release|Any CPU.ActiveCfg = Release|Any CPU
		{9DE071DF-D0C6-4695-9800-98742D28B93D}.Release|Any CPU.Build.0 = Release|Any CPU
	EndGlobalSection
	GlobalSection(SolutionProperties) = preSolution
		HideSolutionNode = FALSE
	EndGlobalSection
	GlobalSection(ExtensibilityGlobals) = postSolution
		SolutionGuid = {FE28D18C-795E-4620-96AD-0041A00CE59A}
	EndGlobalSection
EndGlobal
